
Microsoft Visual Studio Solution File, Format Version 12.00
# Visual Studio Version 17
VisualStudioVersion = 17.13.35931.197 d17.13
MinimumVisualStudioVersion = 10.0.40219.1
Project("{FAE04EC0-301F-11D3-BF4B-00C04F79EFBC}") = "ConsoleApp9", "ConsoleApp9\ConsoleApp9.csproj", "{7B1012BD-9357-401A-8422-75C0BF8C585C}"
EndProject
Global
	GlobalSection(SolutionConfigurationPlatforms) = preSolution
		Debug|Any CPU = Debug|Any CPU
		Release|Any CPU = Release|Any CPU
	EndGlobalSection
	GlobalSection(ProjectConfigurationPlatforms) = postSolution
		{7B1012BD-9357-401A-8422-75C0BF8C585C}.Debug|Any CPU.ActiveCfg = Debug|Any CPU
		{7B1012BD-9357-401A-8422-75C0BF8C585C}.Debug|Any CPU.Build.0 = Debug|Any CPU
		{7B1012BD-9357-401A-8422-75C0BF8C585C}.Release|Any CPU.ActiveCfg = Release|Any CPU
		{7B1012BD-9357-401A-8422-75C0BF8C585C}.Release|Any CPU.Build.0 = Release|Any CPU
	EndGlobalSection
	GlobalSection(SolutionProperties) = preSolution
		HideSolutionNode = FALSE
	EndGlobalSection
	GlobalSection(ExtensibilityGlobals) = postSolution
		SolutionGuid = {4003B744-94CF-488E-BBFB-BC64DC047044}
	EndGlobalSection
EndGlobal
